
Microsoft Visual Studio Solution File, Format Version 12.00
# Visual Studio 2012
Project("{8BC9CEB8-8B4A-11D0-8D11-00A0C91BC942}") = "OOP_Project_04", "OOP_Project_04\OOP_Project_04.vcxproj", "{5306FA78-95D1-4864-9BE7-E106D91142FE}"
EndProject
Global
	GlobalSection(SolutionConfigurationPlatforms) = preSolution
		Debug|Win32 = Debug|Win32
		Release|Win32 = Release|Win32
	EndGlobalSection
	GlobalSection(ProjectConfigurationPlatforms) = postSolution
		{5306FA78-95D1-4864-9BE7-E106D91142FE}.Debug|Win32.ActiveCfg = Debug|Win32
		{5306FA78-95D1-4864-9BE7-E106D91142FE}.Debug|Win32.Build.0 = Debug|Win32
		{5306FA78-95D1-4864-9BE7-E106D91142FE}.Release|Win32.ActiveCfg = Release|Win32
		{5306FA78-95D1-4864-9BE7-E106D91142FE}.Release|Win32.Build.0 = Release|Win32
	EndGlobalSection
	GlobalSection(SolutionProperties) = preSolution
		HideSolutionNode = FALSE
	EndGlobalSection
EndGlobal
