<?xml version="1.0" encoding="utf-8"?>
<Project ToolsVersion="4.0" xmlns="http://schemas.microsoft.com/developer/msbuild/2003">
  <ItemGroup>
    <ClCompile Include="CBullet.cpp">
      <Filter>소스 파일</Filter>
    </ClCompile>
    <ClCompile Include="CCombo.cpp">
      <Filter>소스 파일</Filter>
    </ClCompile>
    <ClCompile Include="CEnemy.cpp">
      <Filter>소스 파일</Filter>
    </ClCompile>
    <ClCompile Include="CGameHost.cpp">
      <Filter>소스 파일</Filter>
    </ClCompile>
    <ClCompile Include="CHit.cpp">
      <Filter>소스 파일</Filter>
    </ClCompile>
    <ClCompile Include="CHp.cpp">
      <Filter>소스 파일</Filter>
    </ClCompile>
    <ClCompile Include="Controller.cpp">
      <Filter>소스 파일</Filter>
    </ClCompile>
    <ClCompile Include="CPlayer.cpp">
      <Filter>소스 파일</Filter>
    </ClCompile>
    <ClCompile Include="CTime.cpp">
      <Filter>소스 파일</Filter>
    </ClCompile>
    <ClCompile Include="CTransform.cpp">
      <Filter>소스 파일</Filter>
    </ClCompile>
    <ClCompile Include="WinMain.cpp">
      <Filter>소스 파일</Filter>
    </ClCompile>
    <ClCompile Include="PlayerDownCommand.cpp">
      <Filter>소스 파일\Command</Filter>
    </ClCompile>
    <ClCompile Include="PlayerLeftCommand.cpp">
      <Filter>소스 파일\Command</Filter>
    </ClCompile>
    <ClCompile Include="PlayerRightCommand.cpp">
      <Filter>소스 파일\Command</Filter>
    </ClCompile>
    <ClCompile Include="PlayerUpCommand.cpp">
      <Filter>소스 파일\Command</Filter>
    </ClCompile>
    <ClCompile Include="Command.cpp">
      <Filter>소스 파일\Command</Filter>
    </ClCompile>
    <ClCompile Include="CComboRenderer.cpp">
      <Filter>소스 파일\Renderer</Filter>
    </ClCompile>
    <ClCompile Include="CEnemyRenderer.cpp">
      <Filter>소스 파일\Renderer</Filter>
    </ClCompile>
    <ClCompile Include="CPlayerRenderer.cpp">
      <Filter>소스 파일\Renderer</Filter>
    </ClCompile>
    <ClCompile Include="CHitRenderer.cpp">
      <Filter>소스 파일\Renderer</Filter>
    </ClCompile>
    <ClCompile Include="CTimeRenderer.cpp">
      <Filter>소스 파일\Renderer</Filter>
    </ClCompile>
    <ClCompile Include="CComboUpdater.cpp">
      <Filter>소스 파일\Updater</Filter>
    </ClCompile>
    <ClCompile Include="CEnemyUpdater.cpp">
      <Filter>소스 파일\Updater</Filter>
    </ClCompile>
    <ClCompile Include="CHitUpdater.cpp">
      <Filter>소스 파일\Updater</Filter>
    </ClCompile>
    <ClCompile Include="CPlayerUpdater.cpp">
      <Filter>소스 파일\Updater</Filter>
    </ClCompile>
    <ClCompile Include="CTimeUpdater.cpp">
      <Filter>소스 파일\Updater</Filter>
    </ClCompile>
    <ClCompile Include="CBulletMaker.cpp">
      <Filter>소스 파일</Filter>
    </ClCompile>
    <ClCompile Include="CBulletRenderer.cpp">
      <Filter>소스 파일\Renderer</Filter>
    </ClCompile>
    <ClCompile Include="CBulletUpdater.cpp">
      <Filter>소스 파일\Updater</Filter>
    </ClCompile>
    <ClCompile Include="CEnemyHpRenderer.cpp">
      <Filter>소스 파일\Renderer</Filter>
    </ClCompile>
    <ClCompile Include="CPlayerHpRenderer.cpp">
      <Filter>소스 파일\Renderer</Filter>
    </ClCompile>
  </ItemGroup>
  <ItemGroup>
    <ClInclude Include="CBullet.h">
      <Filter>헤더 파일</Filter>
    </ClInclude>
    <ClInclude Include="CCombo.h">
      <Filter>헤더 파일</Filter>
    </ClInclude>
    <ClInclude Include="CEnemy.h">
      <Filter>헤더 파일</Filter>
    </ClInclude>
    <ClInclude Include="CEnemy_Player.h">
      <Filter>헤더 파일</Filter>
    </ClInclude>
    <ClInclude Include="CGameHost.h">
      <Filter>헤더 파일</Filter>
    </ClInclude>
    <ClInclude Include="CHit.h">
      <Filter>헤더 파일</Filter>
    </ClInclude>
    <ClInclude Include="CHp.h">
      <Filter>헤더 파일</Filter>
    </ClInclude>
    <ClInclude Include="Controller.h">
      <Filter>헤더 파일</Filter>
    </ClInclude>
    <ClInclude Include="CPlayer.h">
      <Filter>헤더 파일</Filter>
    </ClInclude>
    <ClInclude Include="CTime.h">
      <Filter>헤더 파일</Filter>
    </ClInclude>
    <ClInclude Include="CTransform.h">
      <Filter>헤더 파일</Filter>
    </ClInclude>
    <ClInclude Include="resource.h">
      <Filter>헤더 파일</Filter>
    </ClInclude>
    <ClInclude Include="Command.h">
      <Filter>헤더 파일\Command</Filter>
    </ClInclude>
    <ClInclude Include="PlayerDownCommand.h">
      <Filter>헤더 파일\Command</Filter>
    </ClInclude>
    <ClInclude Include="PlayerLeftCommand.h">
      <Filter>헤더 파일\Command</Filter>
    </ClInclude>
    <ClInclude Include="PlayerRightCommand.h">
      <Filter>헤더 파일\Command</Filter>
    </ClInclude>
    <ClInclude Include="PlayerUpCommand.h">
      <Filter>헤더 파일\Command</Filter>
    </ClInclude>
    <ClInclude Include="CComboRenderer.h">
      <Filter>헤더 파일\Renderer</Filter>
    </ClInclude>
    <ClInclude Include="CEnemyRenderer.h">
      <Filter>헤더 파일\Renderer</Filter>
    </ClInclude>
    <ClInclude Include="CHitRenderer.h">
      <Filter>헤더 파일\Renderer</Filter>
    </ClInclude>
    <ClInclude Include="CPlayerRenderer.h">
      <Filter>헤더 파일\Renderer</Filter>
    </ClInclude>
    <ClInclude Include="CTimeRenderer.h">
      <Filter>헤더 파일\Renderer</Filter>
    </ClInclude>
    <ClInclude Include="CComboUpdater.h">
      <Filter>헤더 파일\Updater</Filter>
    </ClInclude>
    <ClInclude Include="CEnemyUpdater.h">
      <Filter>헤더 파일\Updater</Filter>
    </ClInclude>
    <ClInclude Include="CHitUpdater.h">
      <Filter>헤더 파일\Updater</Filter>
    </ClInclude>
    <ClInclude Include="CPlayerUpdater.h">
      <Filter>헤더 파일\Updater</Filter>
    </ClInclude>
    <ClInclude Include="CTimeUpdater.h">
      <Filter>헤더 파일\Updater</Filter>
    </ClInclude>
    <ClInclude Include="CBulletUpdater.h">
      <Filter>헤더 파일\Updater</Filter>
    </ClInclude>
    <ClInclude Include="CBulletRenderer.h">
      <Filter>헤더 파일\Renderer</Filter>
    </ClInclude>
    <ClInclude Include="CBulletMaker.h">
      <Filter>헤더 파일</Filter>
    </ClInclude>
    <ClInclude Include="CHpRenderer.h">
      <Filter>헤더 파일\Renderer</Filter>
    </ClInclude>
    <ClInclude Include="CEnemyHpRenderer.h">
      <Filter>헤더 파일\Renderer</Filter>
    </ClInclude>
    <ClInclude Include="CPlayerHpRenderer.h">
      <Filter>헤더 파일\Renderer</Filter>
    </ClInclude>
  </ItemGroup>
  <ItemGroup>
    <Image Include="Character.bmp">
      <Filter>리소스파일</Filter>
    </Image>
    <Image Include="Map.bmp">
      <Filter>리소스파일</Filter>
    </Image>
    <Image Include="Loading.bmp">
      <Filter>리소스파일</Filter>
    </Image>
  </ItemGroup>
  <ItemGroup>
    <Filter Include="리소스파일">
      <UniqueIdentifier>{d9388973-12df-4113-bad1-b77b05ac0c49}</UniqueIdentifier>
    </Filter>
    <Filter Include="소스 파일">
      <UniqueIdentifier>{f12fd603-73dd-458c-bbda-ed22e4c342bd}</UniqueIdentifier>
    </Filter>
    <Filter Include="소스 파일\Command">
      <UniqueIdentifier>{d2e3c63d-81f5-4582-87b6-dae473596a10}</UniqueIdentifier>
    </Filter>
    <Filter Include="헤더 파일">
      <UniqueIdentifier>{53faf242-3156-4cf3-b5a7-e0c3d53a5b75}</UniqueIdentifier>
    </Filter>
    <Filter Include="헤더 파일\Command">
      <UniqueIdentifier>{312bebcd-85fc-41e2-b108-95b239b76dbf}</UniqueIdentifier>
    </Filter>
    <Filter Include="소스 파일\Renderer">
      <UniqueIdentifier>{8d4defc7-5475-40c7-b670-6f9128e3115d}</UniqueIdentifier>
    </Filter>
    <Filter Include="소스 파일\Updater">
      <UniqueIdentifier>{4b896cfb-f190-4fa5-a8e5-4963681429c8}</UniqueIdentifier>
    </Filter>
    <Filter Include="헤더 파일\Renderer">
      <UniqueIdentifier>{9e25eea2-d98b-46b8-81c2-4338a70807af}</UniqueIdentifier>
    </Filter>
    <Filter Include="헤더 파일\Updater">
      <UniqueIdentifier>{e31a95fd-c519-4f67-bf31-b5fbecc957a0}</UniqueIdentifier>
    </Filter>
  </ItemGroup>
  <ItemGroup>
    <ResourceCompile Include="OOP_Project_04.rc">
      <Filter>소스 파일</Filter>
    </ResourceCompile>
  </ItemGroup>
</Project>