<?xml version="1.0" encoding="utf-8"?>
<Project ToolsVersion="4.0" xmlns="http://schemas.microsoft.com/developer/msbuild/2003">
  <ItemGroup>
    <ClCompile Include="CBullet.cpp" />
    <ClCompile Include="CBulletMaker.cpp" />
    <ClCompile Include="CBulletRenderer.cpp" />
    <ClCompile Include="CBulletUpdater.cpp" />
    <ClCompile Include="CCombo.cpp" />
    <ClCompile Include="CComboRenderer.cpp" />
    <ClCompile Include="CComboUpdater.cpp" />
    <ClCompile Include="CEnemy.cpp" />
    <ClCompile Include="CEnemyHpRenderer.cpp" />
    <ClCompile Include="CEnemyRenderer.cpp" />
    <ClCompile Include="CEnemyUpdater.cpp" />
    <ClCompile Include="CGameHost.cpp" />
    <ClCompile Include="CGameObject.cpp" />
    <ClCompile Include="CHit.cpp" />
    <ClCompile Include="CHitRenderer.cpp" />
    <ClCompile Include="CHitUpdater.cpp" />
    <ClCompile Include="CHp.cpp" />
    <ClCompile Include="Command.cpp" />
    <ClCompile Include="Controller.cpp" />
    <ClCompile Include="CPlayer.cpp" />
    <ClCompile Include="CPlayerHpRenderer.cpp" />
    <ClCompile Include="CPlayerRenderer.cpp" />
    <ClCompile Include="CPlayerUpdater.cpp" />
    <ClCompile Include="CRenderer.cpp" />
    <ClCompile Include="CTime.cpp" />
    <ClCompile Include="CTimeRenderer.cpp" />
    <ClCompile Include="CTimeUpdater.cpp" />
    <ClCompile Include="CTransform.cpp" />
    <ClCompile Include="CUpdater.cpp" />
    <ClCompile Include="PlayerDownCommand.cpp" />
    <ClCompile Include="PlayerLeftCommand.cpp" />
    <ClCompile Include="PlayerRightCommand.cpp" />
    <ClCompile Include="PlayerUpCommand.cpp" />
    <ClCompile Include="WinMain.cpp" />
    <ClCompile Include="PlayerAttackCommand.cpp" />
  </ItemGroup>
  <ItemGroup>
    <ClInclude Include="CBullet.h" />
    <ClInclude Include="CBulletMaker.h" />
    <ClInclude Include="CBulletRenderer.h" />
    <ClInclude Include="CBulletUpdater.h" />
    <ClInclude Include="CCombo.h" />
    <ClInclude Include="CComboRenderer.h" />
    <ClInclude Include="CComboUpdater.h" />
    <ClInclude Include="CEnemy.h" />
    <ClInclude Include="CEnemyHpRenderer.h" />
    <ClInclude Include="CEnemyRenderer.h" />
    <ClInclude Include="CEnemyUpdater.h" />
    <ClInclude Include="CEnemy_Player.h" />
    <ClInclude Include="CGameHost.h" />
    <ClInclude Include="CGameObject.h" />
    <ClInclude Include="CHit.h" />
    <ClInclude Include="CHitRenderer.h" />
    <ClInclude Include="CHitUpdater.h" />
    <ClInclude Include="CHp.h" />
    <ClInclude Include="CHpRenderer.h" />
    <ClInclude Include="Command.h" />
    <ClInclude Include="Controller.h" />
    <ClInclude Include="CPlayer.h" />
    <ClInclude Include="CPlayerHpRenderer.h" />
    <ClInclude Include="CPlayerRenderer.h" />
    <ClInclude Include="CPlayerUpdater.h" />
    <ClInclude Include="CRenderer.h" />
    <ClInclude Include="CTime.h" />
    <ClInclude Include="CTimeRenderer.h" />
    <ClInclude Include="CTimeUpdater.h" />
    <ClInclude Include="CTransform.h" />
    <ClInclude Include="CUpdater.h" />
    <ClInclude Include="PlayerDownCommand.h" />
    <ClInclude Include="PlayerLeftCommand.h" />
    <ClInclude Include="PlayerRightCommand.h" />
    <ClInclude Include="PlayerUpCommand.h" />
    <ClInclude Include="resource.h" />
    <ClInclude Include="PlayerAttackCommand.h" />
  </ItemGroup>
  <ItemGroup>
    <ResourceCompile Include="OOP_Project_04.rc" />
  </ItemGroup>
  <ItemGroup>
    <Image Include="Character.bmp" />
    <Image Include="Loading.bmp" />
    <Image Include="Map.bmp" />
  </ItemGroup>
</Project>